<Solution>
  <Folder Name="/services/" />
  <Folder Name="/services/pharmacy/">
    <Project Path="services/pharmacy/PharmacyAPI.DbMigrator/PharmacyAPI.DbMigrator.csproj" />
    <Project Path="services/pharmacy/PharmacyAPI.PharmacyService.Contracts/PharmacyAPI.PharmacyService.Contracts.csproj" />
    <Project Path="services/pharmacy/PharmacyAPI.PharmacyService/PharmacyAPI.PharmacyService.csproj" />
    <Project Path="services/pharmacy/PharmacyAPI.PharmacyService.Tests/PharmacyAPI.PharmacyService.Tests.csproj" />
  </Folder>
</Solution>